
Microsoft Visual Studio Solution File, Format Version 12.00
# Visual Studio Version 16
VisualStudioVersion = 16.0.29519.87
MinimumVisualStudioVersion = 10.0.40219.1
Project("{FAE04EC0-301F-11D3-BF4B-00C04F79EFBC}") = "SaasProductImporter", "SaasProductImporter\SaasProductImporter.csproj", "{7FBE1FD3-7307-4DF3-A90E-075FC37C26D3}"
EndProject
Project("{FAE04EC0-301F-11D3-BF4B-00C04F79EFBC}") = "SaasProductImporter.Tests", "SaasProductImporter.Tests\SaasProductImporter.Tests.csproj", "{8228F052-C284-445E-B5AC-E370B96C409B}"
EndProject
Global
	GlobalSection(SolutionConfigurationPlatforms) = preSolution
		Debug|Any CPU = Debug|Any CPU
		Release|Any CPU = Release|Any CPU
	EndGlobalSection
	GlobalSection(ProjectConfigurationPlatforms) = postSolution
		{7FBE1FD3-7307-4DF3-A90E-075FC37C26D3}.Debug|Any CPU.ActiveCfg = Debug|Any CPU
		{7FBE1FD3-7307-4DF3-A90E-075FC37C26D3}.Debug|Any CPU.Build.0 = Debug|Any CPU
		{7FBE1FD3-7307-4DF3-A90E-075FC37C26D3}.Release|Any CPU.ActiveCfg = Release|Any CPU
		{7FBE1FD3-7307-4DF3-A90E-075FC37C26D3}.Release|Any CPU.Build.0 = Release|Any CPU
		{8228F052-C284-445E-B5AC-E370B96C409B}.Debug|Any CPU.ActiveCfg = Debug|Any CPU
		{8228F052-C284-445E-B5AC-E370B96C409B}.Debug|Any CPU.Build.0 = Debug|Any CPU
		{8228F052-C284-445E-B5AC-E370B96C409B}.Release|Any CPU.ActiveCfg = Release|Any CPU
		{8228F052-C284-445E-B5AC-E370B96C409B}.Release|Any CPU.Build.0 = Release|Any CPU
	EndGlobalSection
	GlobalSection(SolutionProperties) = preSolution
		HideSolutionNode = FALSE
	EndGlobalSection
	GlobalSection(ExtensibilityGlobals) = postSolution
		SolutionGuid = {BAC918FC-7DB3-4365-AEA4-0ECE0A210772}
	EndGlobalSection
EndGlobal
